<?xml version="1.0" encoding="utf-8"?>
<Project ToolsVersion="4.0" xmlns="http://schemas.microsoft.com/developer/msbuild/2003">
  <ItemGroup>
    <Filter Include="Source Files">
      <UniqueIdentifier>{4FC737F1-C7A5-4376-A066-2A32D752A2FF}</UniqueIdentifier>
      <Extensions>cpp;c;cc;cxx;def;odl;idl;hpj;bat;asm;asmx</Extensions>
    </Filter>
    <Filter Include="Header Files">
      <UniqueIdentifier>{93995380-89BD-4b04-88EB-625FBE52EBFB}</UniqueIdentifier>
      <Extensions>h;hpp;hxx;hm;inl;inc;xsd</Extensions>
    </Filter>
    <Filter Include="Resource Files">
      <UniqueIdentifier>{67DA6AB6-F800-4c08-8B7A-83BB121AAD01}</UniqueIdentifier>
      <Extensions>rc;ico;cur;bmp;dlg;rc2;rct;bin;rgs;gif;jpg;jpeg;jpe;resx;tiff;tif;png;wav;mfcribbon-ms</Extensions>
    </Filter>
    <Filter Include="Source Files\zlib">
      <UniqueIdentifier>{48d57f3a-3962-40a8-8bdb-29d87e4cc4ba}</UniqueIdentifier>
    </Filter>
    <Filter Include="Source Files\poco">
      <UniqueIdentifier>{e3422b1a-13f4-4128-87b0-909738435b4c}</UniqueIdentifier>
    </Filter>
    <Filter Include="Source Files\poco\Data">
      <UniqueIdentifier>{5def5e31-6083-4382-b64d-b0bece0327af}</UniqueIdentifier>
    </Filter>
    <Filter Include="Source Files\poco\Data\SQLite">
      <UniqueIdentifier>{824cd979-4929-4831-b9b2-c8037bec5550}</UniqueIdentifier>
    </Filter>
    <Filter Include="Source Files\fse">
      <UniqueIdentifier>{d56377e7-01b7-4624-b23d-eca8616aeafa}</UniqueIdentifier>
    </Filter>
  </ItemGroup>
  <ItemGroup>
    <Text Include="ReadMe.txt" />
  </ItemGroup>
  <ItemGroup>
    <ClInclude Include="targetver.h">
      <Filter>Header Files</Filter>
    </ClInclude>
    <ClInclude Include="treestore.h">
      <Filter>Header Files</Filter>
    </ClInclude>
    <ClInclude Include="..\src\collumn.h">
      <Filter>Header Files</Filter>
    </ClInclude>
    <ClInclude Include="..\src\fields.h">
      <Filter>Header Files</Filter>
    </ClInclude>
    <ClInclude Include="..\src\myi.h">
      <Filter>Header Files</Filter>
    </ClInclude>
    <ClInclude Include="..\src\transactional_storage.h">
      <Filter>Header Files</Filter>
    </ClInclude>
    <ClInclude Include="..\src\MurmurHash3.h">
      <Filter>Header Files</Filter>
    </ClInclude>
    <ClInclude Include="..\src\tree_stored.h">
      <Filter>Header Files</Filter>
    </ClInclude>
    <ClInclude Include="..\src\PredictiveCache.h">
      <Filter>Header Files</Filter>
    </ClInclude>
    <ClInclude Include="..\src\tree_index.h">
      <Filter>Header Files</Filter>
    </ClInclude>
    <ClInclude Include="..\src\conversions.h">
      <Filter>Header Files</Filter>
    </ClInclude>
    <ClInclude Include="..\src\tree_table.h">
      <Filter>Header Files</Filter>
    </ClInclude>
    <ClInclude Include="..\src\abstracted_storage.h">
      <Filter>Header Files</Filter>
    </ClInclude>
    <ClInclude Include="..\src\NotificationQueueWorker.h">
      <Filter>Header Files</Filter>
    </ClInclude>
    <ClInclude Include="..\src\stx\btree.h">
      <Filter>Header Files</Filter>
    </ClInclude>
    <ClInclude Include="..\src\stx\btree_map.h">
      <Filter>Header Files</Filter>
    </ClInclude>
    <ClInclude Include="..\src\stx\btree_multimap.h">
      <Filter>Header Files</Filter>
    </ClInclude>
    <ClInclude Include="..\src\stx\btree_multiset.h">
      <Filter>Header Files</Filter>
    </ClInclude>
    <ClInclude Include="..\src\stx\btree_set.h">
      <Filter>Header Files</Filter>
    </ClInclude>
    <ClInclude Include="..\src\system_timers.h">
      <Filter>Header Files</Filter>
    </ClInclude>
    <ClInclude Include="..\src\bit_symbols.h">
      <Filter>Header Files</Filter>
    </ClInclude>
    <ClInclude Include="..\src\iterator.h">
      <Filter>Header Files</Filter>
    </ClInclude>
    <ClInclude Include="..\src\suffix_array.h">
      <Filter>Header Files</Filter>
    </ClInclude>
    <ClInclude Include="..\src\stx\storage\pool.h">
      <Filter>Header Files</Filter>
    </ClInclude>
    <ClInclude Include="..\src\stx\storage\basic_storage.h">
      <Filter>Header Files</Filter>
    </ClInclude>
    <ClInclude Include="..\src\simple_storage.h">
      <Filter>Header Files</Filter>
    </ClInclude>
    <ClInclude Include="..\src\stx\storage\types.h">
      <Filter>Header Files</Filter>
    </ClInclude>
    <ClInclude Include="..\src\rednode.h">
      <Filter>Header Files</Filter>
    </ClInclude>
    <ClInclude Include="..\src\cassandras.h">
      <Filter>Header Files</Filter>
    </ClInclude>
    <ClInclude Include="..\src\rednode_cassandra.h">
      <Filter>Header Files</Filter>
    </ClInclude>
    <ClInclude Include="..\src\red_includes.h">
      <Filter>Header Files</Filter>
    </ClInclude>
    <ClInclude Include="..\src\rednode_storage.h">
      <Filter>Header Files</Filter>
    </ClInclude>
    <ClInclude Include="..\src\rednode_file.h">
      <Filter>Header Files</Filter>
    </ClInclude>
  </ItemGroup>
  <ItemGroup>
    <ClCompile Include="dllmain.cpp">
      <Filter>Source Files</Filter>
    </ClCompile>
    <ClCompile Include="..\src\transactional_storage.cpp">
      <Filter>Source Files</Filter>
    </ClCompile>
    <ClCompile Include="..\src\myi.cpp">
      <Filter>Source Files</Filter>
    </ClCompile>
    <ClCompile Include="..\src\MurmurHash3.cpp">
      <Filter>Source Files</Filter>
    </ClCompile>
    <ClCompile Include="..\src\collumn.cpp">
      <Filter>Source Files</Filter>
    </ClCompile>
    <ClCompile Include="..\src\fields.cpp">
      <Filter>Source Files</Filter>
    </ClCompile>
    <ClCompile Include="..\src\abstracted_storage.cpp">
      <Filter>Source Files</Filter>
    </ClCompile>
    <ClCompile Include="..\src\journal.cpp">
      <Filter>Source Files</Filter>
    </ClCompile>
    <ClCompile Include="..\src\persist_tree.cpp">
      <Filter>Source Files</Filter>
    </ClCompile>
    <ClCompile Include="..\src\poco-1.4.6p1-all\Data\SQLite\src\sqlite3.c">
      <Filter>Source Files\poco\Data\SQLite</Filter>
    </ClCompile>
    <ClCompile Include="..\src\poco-1.4.6p1-all\Foundation\src\pcre_chartables.c">
      <Filter>Source Files\poco</Filter>
    </ClCompile>
    <ClCompile Include="..\src\poco-1.4.6p1-all\Foundation\src\pcre_compile.c">
      <Filter>Source Files\poco</Filter>
    </ClCompile>
    <ClCompile Include="..\src\poco-1.4.6p1-all\Foundation\src\pcre_exec.c">
      <Filter>Source Files\poco</Filter>
    </ClCompile>
    <ClCompile Include="..\src\poco-1.4.6p1-all\Foundation\src\pcre_fullinfo.c">
      <Filter>Source Files\poco</Filter>
    </ClCompile>
    <ClCompile Include="..\src\poco-1.4.6p1-all\Foundation\src\pcre_globals.c">
      <Filter>Source Files\poco</Filter>
    </ClCompile>
    <ClCompile Include="..\src\poco-1.4.6p1-all\Foundation\src\pcre_maketables.c">
      <Filter>Source Files\poco</Filter>
    </ClCompile>
    <ClCompile Include="..\src\poco-1.4.6p1-all\Foundation\src\pcre_newline.c">
      <Filter>Source Files\poco</Filter>
    </ClCompile>
    <ClCompile Include="..\src\poco-1.4.6p1-all\Foundation\src\pcre_ord2utf8.c">
      <Filter>Source Files\poco</Filter>
    </ClCompile>
    <ClCompile Include="..\src\poco-1.4.6p1-all\Foundation\src\pcre_study.c">
      <Filter>Source Files\poco</Filter>
    </ClCompile>
    <ClCompile Include="..\src\poco-1.4.6p1-all\Foundation\src\pcre_tables.c">
      <Filter>Source Files\poco</Filter>
    </ClCompile>
    <ClCompile Include="..\src\poco-1.4.6p1-all\Foundation\src\pcre_try_flipped.c">
      <Filter>Source Files\poco</Filter>
    </ClCompile>
    <ClCompile Include="..\src\poco-1.4.6p1-all\Foundation\src\pcre_ucd.c">
      <Filter>Source Files\poco</Filter>
    </ClCompile>
    <ClCompile Include="..\src\poco-1.4.6p1-all\Foundation\src\pcre_valid_utf8.c">
      <Filter>Source Files\poco</Filter>
    </ClCompile>
    <ClCompile Include="..\src\poco-1.4.6p1-all\Foundation\src\pcre_xclass.c">
      <Filter>Source Files\poco</Filter>
    </ClCompile>
    <ClCompile Include="..\src\stx\btree.cpp">
      <Filter>Source Files</Filter>
    </ClCompile>
    <ClCompile Include="..\repo\fse\zlibh.c">
      <Filter>Source Files\fse</Filter>
    </ClCompile>
    <ClCompile Include="..\src\rednode.cpp">
      <Filter>Source Files</Filter>
    </ClCompile>
    <ClCompile Include="..\repo\zlib-1.2.8\adler32.c">
      <Filter>Source Files\zlib</Filter>
    </ClCompile>
    <ClCompile Include="..\repo\zlib-1.2.8\compress.c">
      <Filter>Source Files\zlib</Filter>
    </ClCompile>
    <ClCompile Include="..\repo\zlib-1.2.8\crc32.c">
      <Filter>Source Files\zlib</Filter>
    </ClCompile>
    <ClCompile Include="..\repo\zlib-1.2.8\deflate.c">
      <Filter>Source Files\zlib</Filter>
    </ClCompile>
    <ClCompile Include="..\repo\zlib-1.2.8\infback.c">
      <Filter>Source Files\zlib</Filter>
    </ClCompile>
    <ClCompile Include="..\repo\zlib-1.2.8\inffast.c">
      <Filter>Source Files\zlib</Filter>
    </ClCompile>
    <ClCompile Include="..\repo\zlib-1.2.8\inflate.c">
      <Filter>Source Files\zlib</Filter>
    </ClCompile>
    <ClCompile Include="..\repo\zlib-1.2.8\inftrees.c">
      <Filter>Source Files\zlib</Filter>
    </ClCompile>
    <ClCompile Include="..\repo\zlib-1.2.8\trees.c">
      <Filter>Source Files\zlib</Filter>
    </ClCompile>
    <ClCompile Include="..\repo\lz4-r101\lz4.c">
      <Filter>Source Files</Filter>
    </ClCompile>
    <ClCompile Include="..\repo\zlib-1.2.8\uncompr.c">
      <Filter>Source Files\zlib</Filter>
    </ClCompile>
    <ClCompile Include="..\repo\zlib-1.2.8\zutil.c">
      <Filter>Source Files\zlib</Filter>
    </ClCompile>
  </ItemGroup>
  <ItemGroup>
    <None Include="..\src\stx\btree">
      <Filter>Header Files</Filter>
    </None>
    <None Include="..\src\stx\btree_map">
      <Filter>Header Files</Filter>
    </None>
    <None Include="..\src\stx\btree_multimap">
      <Filter>Header Files</Filter>
    </None>
    <None Include="..\src\stx\btree_multiset">
      <Filter>Header Files</Filter>
    </None>
    <None Include="..\src\stx\btree_set">
      <Filter>Header Files</Filter>
    </None>
  </ItemGroup>
</Project>